{
  "name": "steamhub",
  "version": "1.0.0",
  "lockfileVersion": 1,
  "requires": true,
  "dependencies": {
    "@nuxtjs/google-analytics": {
      "version": "2.0.2",
      "resolved": "http://registry.npm.taobao.org/@nuxtjs/google-analytics/download/@nuxtjs/google-analytics-2.0.2.tgz",
      "integrity": "sha1-dTUxQ2KP12l7Qetap9o4pRM5Tso=",
      "requires": {
        "vue-analytics": "^5.4.0"
      }
    },
    "vue-analytics": {
      "version": "5.16.0",
      "resolved": "http://registry.npm.taobao.org/vue-analytics/download/vue-analytics-5.16.0.tgz",
      "integrity": "sha1-guiHA6BnjLoHbVGsrNZWm8j31Uw="
    }
  }
}
